
Microsoft Visual Studio Solution File, Format Version 12.00
Project("{FAE04EC0-301F-11D3-BF4B-00C04F79EFBC}") = "generic-host-demo", "generic-host-demo\generic-host-demo.csproj", "{D5AE4C19-7B03-495B-B909-C5EEF9931428}"
EndProject
Project("{FAE04EC0-301F-11D3-BF4B-00C04F79EFBC}") = "hosted-service-demo", "hosted-service-demo\hosted-service-demo.csproj", "{DD7FB136-AB7E-4E24-BF19-233A70FE3A1E}"
EndProject
Project("{FAE04EC0-301F-11D3-BF4B-00C04F79EFBC}") = "web-service-demo", "web-service-demo\web-service-demo.csproj", "{D7B35905-14AE-4E4A-BD1F-5F5F93C2E6E8}"
EndProject
Global
	GlobalSection(SolutionConfigurationPlatforms) = preSolution
		Debug|Any CPU = Debug|Any CPU
		Release|Any CPU = Release|Any CPU
	EndGlobalSection
	GlobalSection(ProjectConfigurationPlatforms) = postSolution
		{D5AE4C19-7B03-495B-B909-C5EEF9931428}.Debug|Any CPU.ActiveCfg = Debug|Any CPU
		{D5AE4C19-7B03-495B-B909-C5EEF9931428}.Debug|Any CPU.Build.0 = Debug|Any CPU
		{D5AE4C19-7B03-495B-B909-C5EEF9931428}.Release|Any CPU.ActiveCfg = Release|Any CPU
		{D5AE4C19-7B03-495B-B909-C5EEF9931428}.Release|Any CPU.Build.0 = Release|Any CPU
		{DD7FB136-AB7E-4E24-BF19-233A70FE3A1E}.Debug|Any CPU.ActiveCfg = Debug|Any CPU
		{DD7FB136-AB7E-4E24-BF19-233A70FE3A1E}.Debug|Any CPU.Build.0 = Debug|Any CPU
		{DD7FB136-AB7E-4E24-BF19-233A70FE3A1E}.Release|Any CPU.ActiveCfg = Release|Any CPU
		{DD7FB136-AB7E-4E24-BF19-233A70FE3A1E}.Release|Any CPU.Build.0 = Release|Any CPU
		{D7B35905-14AE-4E4A-BD1F-5F5F93C2E6E8}.Debug|Any CPU.ActiveCfg = Debug|Any CPU
		{D7B35905-14AE-4E4A-BD1F-5F5F93C2E6E8}.Debug|Any CPU.Build.0 = Debug|Any CPU
		{D7B35905-14AE-4E4A-BD1F-5F5F93C2E6E8}.Release|Any CPU.ActiveCfg = Release|Any CPU
		{D7B35905-14AE-4E4A-BD1F-5F5F93C2E6E8}.Release|Any CPU.Build.0 = Release|Any CPU
	EndGlobalSection
EndGlobal
