
Microsoft Visual Studio Solution File, Format Version 12.00
Project("{FAE04EC0-301F-11D3-BF4B-00C04F79EFBC}") = "AspApiBasic", "AspApiBasic\AspApiBasic.csproj", "{D354C033-8CC0-408A-8246-DC06ABA4959F}"
EndProject
Project("{2150E333-8FDC-42A3-9474-1A3956D46DE8}") = "Solution Items", "Solution Items", "{E7107896-2391-4333-A101-260905F006C6}"
	ProjectSection(SolutionItems) = preProject
		docker-compose.yml = docker-compose.yml
	EndProjectSection
EndProject
Project("{FAE04EC0-301F-11D3-BF4B-00C04F79EFBC}") = "test", "test\test.csproj", "{F34BF46A-5788-44C0-BE54-E9010BE549CD}"
EndProject
Project("{FAE04EC0-301F-11D3-BF4B-00C04F79EFBC}") = "worker", "worker\worker.csproj", "{0C561B3B-FBE7-4E7F-8B98-9DD4A947D50B}"
EndProject
Global
	GlobalSection(SolutionConfigurationPlatforms) = preSolution
		Debug|Any CPU = Debug|Any CPU
		Release|Any CPU = Release|Any CPU
	EndGlobalSection
	GlobalSection(ProjectConfigurationPlatforms) = postSolution
		{D354C033-8CC0-408A-8246-DC06ABA4959F}.Debug|Any CPU.ActiveCfg = Debug|Any CPU
		{D354C033-8CC0-408A-8246-DC06ABA4959F}.Debug|Any CPU.Build.0 = Debug|Any CPU
		{D354C033-8CC0-408A-8246-DC06ABA4959F}.Release|Any CPU.ActiveCfg = Release|Any CPU
		{D354C033-8CC0-408A-8246-DC06ABA4959F}.Release|Any CPU.Build.0 = Release|Any CPU
		{F34BF46A-5788-44C0-BE54-E9010BE549CD}.Debug|Any CPU.ActiveCfg = Debug|Any CPU
		{F34BF46A-5788-44C0-BE54-E9010BE549CD}.Debug|Any CPU.Build.0 = Debug|Any CPU
		{F34BF46A-5788-44C0-BE54-E9010BE549CD}.Release|Any CPU.ActiveCfg = Release|Any CPU
		{F34BF46A-5788-44C0-BE54-E9010BE549CD}.Release|Any CPU.Build.0 = Release|Any CPU
		{0C561B3B-FBE7-4E7F-8B98-9DD4A947D50B}.Debug|Any CPU.ActiveCfg = Debug|Any CPU
		{0C561B3B-FBE7-4E7F-8B98-9DD4A947D50B}.Debug|Any CPU.Build.0 = Debug|Any CPU
		{0C561B3B-FBE7-4E7F-8B98-9DD4A947D50B}.Release|Any CPU.ActiveCfg = Release|Any CPU
		{0C561B3B-FBE7-4E7F-8B98-9DD4A947D50B}.Release|Any CPU.Build.0 = Release|Any CPU
	EndGlobalSection
EndGlobal
