
Microsoft Visual Studio Solution File, Format Version 12.00
# Visual Studio Version 17
VisualStudioVersion = 17.10.34916.146
MinimumVisualStudioVersion = 10.0.40219.1
Project("{9A19103F-16F7-4668-BE54-9A1E7A4F7556}") = "PromoCodeFactory.WebHost", "PromoCodeFactory.WebHost\PromoCodeFactory.WebHost.csproj", "{C086AC72-ADC7-432C-99D8-A8D60A0B44CA}"
EndProject
Project("{9A19103F-16F7-4668-BE54-9A1E7A4F7556}") = "PromoCodeFactory.DataAccess", "PromoCodeFactory.DataAccess\PromoCodeFactory.DataAccess.csproj", "{D7E675A3-9872-47D6-B906-797B7B866534}"
EndProject
Project("{9A19103F-16F7-4668-BE54-9A1E7A4F7556}") = "PromoCodeFactory.Core", "PromoCodeFactory.Core\PromoCodeFactory.Core.csproj", "{FA64A24E-D404-4E7D-89A8-B87E134F697F}"
EndProject
Project("{2150E333-8FDC-42A3-9474-1A3956D46DE8}") = "Domain", "Domain", "{80D1ECCA-9B0C-4C14-90FF-A8A4EE2AF159}"
EndProject
Project("{2150E333-8FDC-42A3-9474-1A3956D46DE8}") = "Hosts", "Hosts", "{085135B0-0C41-4959-B202-AF9F653CCEAA}"
EndProject
Project("{2150E333-8FDC-42A3-9474-1A3956D46DE8}") = "Infrastructure", "Infrastructure", "{C1CF0673-CE38-4F55-9BB1-59AF4C065C27}"
EndProject
Project("{2150E333-8FDC-42A3-9474-1A3956D46DE8}") = "Service", "Service", "{C6541BFA-1A28-4926-A244-CB31C4D5C48F}"
EndProject
Project("{9A19103F-16F7-4668-BE54-9A1E7A4F7556}") = "PromoCodeFactory.EntityFramework", "PromoCodeFactory.EntityFramework\PromoCodeFactory.EntityFramework.csproj", "{E3B4FD8D-8DB4-4424-A98A-D06F4ABAA922}"
EndProject
Project("{2150E333-8FDC-42A3-9474-1A3956D46DE8}") = "Tests", "Tests", "{4C0AEE39-24A4-427E-8529-64DCBF9CD87D}"
EndProject
Project("{9A19103F-16F7-4668-BE54-9A1E7A4F7556}") = "PromoCodeFactory.UnitTests", "PromoCodeFactory.UnitTests\PromoCodeFactory.UnitTests.csproj", "{B3F356EF-B58F-443E-901F-9047953B44BB}"
EndProject
Project("{FAE04EC0-301F-11D3-BF4B-00C04F79EFBC}") = "PromoCodeFactory.Compose", "PromoCodeFactory.Compose\PromoCodeFactory.Compose.csproj", "{524F931C-5C36-41E0-B12C-4BE8956C68A1}"
EndProject
Global
	GlobalSection(SolutionConfigurationPlatforms) = preSolution
		Debug|Any CPU = Debug|Any CPU
		Release|Any CPU = Release|Any CPU
	EndGlobalSection
	GlobalSection(ProjectConfigurationPlatforms) = postSolution
		{C086AC72-ADC7-432C-99D8-A8D60A0B44CA}.Debug|Any CPU.ActiveCfg = Debug|Any CPU
		{C086AC72-ADC7-432C-99D8-A8D60A0B44CA}.Debug|Any CPU.Build.0 = Debug|Any CPU
		{C086AC72-ADC7-432C-99D8-A8D60A0B44CA}.Release|Any CPU.ActiveCfg = Release|Any CPU
		{C086AC72-ADC7-432C-99D8-A8D60A0B44CA}.Release|Any CPU.Build.0 = Release|Any CPU
		{D7E675A3-9872-47D6-B906-797B7B866534}.Debug|Any CPU.ActiveCfg = Debug|Any CPU
		{D7E675A3-9872-47D6-B906-797B7B866534}.Debug|Any CPU.Build.0 = Debug|Any CPU
		{D7E675A3-9872-47D6-B906-797B7B866534}.Release|Any CPU.ActiveCfg = Release|Any CPU
		{D7E675A3-9872-47D6-B906-797B7B866534}.Release|Any CPU.Build.0 = Release|Any CPU
		{FA64A24E-D404-4E7D-89A8-B87E134F697F}.Debug|Any CPU.ActiveCfg = Debug|Any CPU
		{FA64A24E-D404-4E7D-89A8-B87E134F697F}.Debug|Any CPU.Build.0 = Debug|Any CPU
		{FA64A24E-D404-4E7D-89A8-B87E134F697F}.Release|Any CPU.ActiveCfg = Release|Any CPU
		{FA64A24E-D404-4E7D-89A8-B87E134F697F}.Release|Any CPU.Build.0 = Release|Any CPU
		{E3B4FD8D-8DB4-4424-A98A-D06F4ABAA922}.Debug|Any CPU.ActiveCfg = Debug|Any CPU
		{E3B4FD8D-8DB4-4424-A98A-D06F4ABAA922}.Debug|Any CPU.Build.0 = Debug|Any CPU
		{E3B4FD8D-8DB4-4424-A98A-D06F4ABAA922}.Release|Any CPU.ActiveCfg = Release|Any CPU
		{E3B4FD8D-8DB4-4424-A98A-D06F4ABAA922}.Release|Any CPU.Build.0 = Release|Any CPU
		{B3F356EF-B58F-443E-901F-9047953B44BB}.Debug|Any CPU.ActiveCfg = Debug|Any CPU
		{B3F356EF-B58F-443E-901F-9047953B44BB}.Debug|Any CPU.Build.0 = Debug|Any CPU
		{B3F356EF-B58F-443E-901F-9047953B44BB}.Release|Any CPU.ActiveCfg = Release|Any CPU
		{B3F356EF-B58F-443E-901F-9047953B44BB}.Release|Any CPU.Build.0 = Release|Any CPU
		{524F931C-5C36-41E0-B12C-4BE8956C68A1}.Debug|Any CPU.ActiveCfg = Debug|Any CPU
		{524F931C-5C36-41E0-B12C-4BE8956C68A1}.Debug|Any CPU.Build.0 = Debug|Any CPU
		{524F931C-5C36-41E0-B12C-4BE8956C68A1}.Release|Any CPU.ActiveCfg = Release|Any CPU
		{524F931C-5C36-41E0-B12C-4BE8956C68A1}.Release|Any CPU.Build.0 = Release|Any CPU
	EndGlobalSection
	GlobalSection(SolutionProperties) = preSolution
		HideSolutionNode = FALSE
	EndGlobalSection
	GlobalSection(NestedProjects) = preSolution
		{C086AC72-ADC7-432C-99D8-A8D60A0B44CA} = {085135B0-0C41-4959-B202-AF9F653CCEAA}
		{D7E675A3-9872-47D6-B906-797B7B866534} = {C1CF0673-CE38-4F55-9BB1-59AF4C065C27}
		{FA64A24E-D404-4E7D-89A8-B87E134F697F} = {80D1ECCA-9B0C-4C14-90FF-A8A4EE2AF159}
		{E3B4FD8D-8DB4-4424-A98A-D06F4ABAA922} = {C1CF0673-CE38-4F55-9BB1-59AF4C065C27}
		{B3F356EF-B58F-443E-901F-9047953B44BB} = {4C0AEE39-24A4-427E-8529-64DCBF9CD87D}
		{524F931C-5C36-41E0-B12C-4BE8956C68A1} = {4C0AEE39-24A4-427E-8529-64DCBF9CD87D}
	EndGlobalSection
	GlobalSection(ExtensibilityGlobals) = postSolution
		SolutionGuid = {3943BE26-15B6-459E-A839-1651BD7C978B}
	EndGlobalSection
EndGlobal
