
Microsoft Visual Studio Solution File, Format Version 12.00
# Visual Studio Version 17
VisualStudioVersion = 17.10.34916.146
MinimumVisualStudioVersion = 10.0.40219.1
Project("{9A19103F-16F7-4668-BE54-9A1E7A4F7556}") = "PromoCodeFactory.WebHost", "PromoCodeFactory.WebHost\PromoCodeFactory.WebHost.csproj", "{C086AC72-ADC7-432C-99D8-A8D60A0B44CA}"
EndProject
Project("{9A19103F-16F7-4668-BE54-9A1E7A4F7556}") = "PromoCodeFactory.DataAccess", "PromoCodeFactory.DataAccess\PromoCodeFactory.DataAccess.csproj", "{D7E675A3-9872-47D6-B906-797B7B866534}"
EndProject
Project("{9A19103F-16F7-4668-BE54-9A1E7A4F7556}") = "PromoCodeFactory.Core", "PromoCodeFactory.Core\PromoCodeFactory.Core.csproj", "{FA64A24E-D404-4E7D-89A8-B87E134F697F}"
EndProject
Project("{2150E333-8FDC-42A3-9474-1A3956D46DE8}") = "Domain", "Domain", "{02EA681E-C7D8-13C7-8484-4AC65E1B71E8}"
EndProject
Project("{FAE04EC0-301F-11D3-BF4B-00C04F79EFBC}") = "PromoCodeFactory.EntityFramework", "PromoCodeFactory.EntityFramework\PromoCodeFactory.EntityFramework.csproj", "{2887F62C-3522-4A9A-BF0D-DD757C183472}"
EndProject
Project("{2150E333-8FDC-42A3-9474-1A3956D46DE8}") = "Tests", "Tests", "{4C4005E3-47B7-4B94-8437-59834DF97AE7}"
EndProject
Project("{2150E333-8FDC-42A3-9474-1A3956D46DE8}") = "Hosting", "Hosting", "{A8C15C34-986D-43DA-BE9D-0957A32DF805}"
EndProject
Project("{2150E333-8FDC-42A3-9474-1A3956D46DE8}") = "Infrastructure", "Infrastructure", "{6DB1540C-C1F9-4A9D-BF95-9980B7810AA1}"
EndProject
Global
	GlobalSection(SolutionConfigurationPlatforms) = preSolution
		Debug|Any CPU = Debug|Any CPU
		Release|Any CPU = Release|Any CPU
	EndGlobalSection
	GlobalSection(ProjectConfigurationPlatforms) = postSolution
		{C086AC72-ADC7-432C-99D8-A8D60A0B44CA}.Debug|Any CPU.ActiveCfg = Debug|Any CPU
		{C086AC72-ADC7-432C-99D8-A8D60A0B44CA}.Debug|Any CPU.Build.0 = Debug|Any CPU
		{C086AC72-ADC7-432C-99D8-A8D60A0B44CA}.Release|Any CPU.ActiveCfg = Release|Any CPU
		{C086AC72-ADC7-432C-99D8-A8D60A0B44CA}.Release|Any CPU.Build.0 = Release|Any CPU
		{D7E675A3-9872-47D6-B906-797B7B866534}.Debug|Any CPU.ActiveCfg = Debug|Any CPU
		{D7E675A3-9872-47D6-B906-797B7B866534}.Debug|Any CPU.Build.0 = Debug|Any CPU
		{D7E675A3-9872-47D6-B906-797B7B866534}.Release|Any CPU.ActiveCfg = Release|Any CPU
		{D7E675A3-9872-47D6-B906-797B7B866534}.Release|Any CPU.Build.0 = Release|Any CPU
		{FA64A24E-D404-4E7D-89A8-B87E134F697F}.Debug|Any CPU.ActiveCfg = Debug|Any CPU
		{FA64A24E-D404-4E7D-89A8-B87E134F697F}.Debug|Any CPU.Build.0 = Debug|Any CPU
		{FA64A24E-D404-4E7D-89A8-B87E134F697F}.Release|Any CPU.ActiveCfg = Release|Any CPU
		{FA64A24E-D404-4E7D-89A8-B87E134F697F}.Release|Any CPU.Build.0 = Release|Any CPU
		{2887F62C-3522-4A9A-BF0D-DD757C183472}.Debug|Any CPU.ActiveCfg = Debug|Any CPU
		{2887F62C-3522-4A9A-BF0D-DD757C183472}.Debug|Any CPU.Build.0 = Debug|Any CPU
		{2887F62C-3522-4A9A-BF0D-DD757C183472}.Release|Any CPU.ActiveCfg = Release|Any CPU
		{2887F62C-3522-4A9A-BF0D-DD757C183472}.Release|Any CPU.Build.0 = Release|Any CPU
	EndGlobalSection
	GlobalSection(SolutionProperties) = preSolution
		HideSolutionNode = FALSE
	EndGlobalSection
	GlobalSection(NestedProjects) = preSolution
		{C086AC72-ADC7-432C-99D8-A8D60A0B44CA} = {A8C15C34-986D-43DA-BE9D-0957A32DF805}
		{D7E675A3-9872-47D6-B906-797B7B866534} = {6DB1540C-C1F9-4A9D-BF95-9980B7810AA1}
		{FA64A24E-D404-4E7D-89A8-B87E134F697F} = {02EA681E-C7D8-13C7-8484-4AC65E1B71E8}
		{2887F62C-3522-4A9A-BF0D-DD757C183472} = {6DB1540C-C1F9-4A9D-BF95-9980B7810AA1}
	EndGlobalSection
	GlobalSection(ExtensibilityGlobals) = postSolution
		SolutionGuid = {B19ED9CD-CF9D-4C98-ADBB-D40D4E1C72A9}
	EndGlobalSection
EndGlobal
