
Microsoft Visual Studio Solution File, Format Version 12.00
# Visual Studio Version 17
VisualStudioVersion = 17.10.34916.146
MinimumVisualStudioVersion = 10.0.40219.1
Project("{9A19103F-16F7-4668-BE54-9A1E7A4F7556}") = "PromoCodeFactory.WebHost", "PromoCodeFactory.WebHost\PromoCodeFactory.WebHost.csproj", "{C086AC72-ADC7-432C-99D8-A8D60A0B44CA}"
EndProject
Project("{9A19103F-16F7-4668-BE54-9A1E7A4F7556}") = "PromoCodeFactory.DataAccess", "PromoCodeFactory.DataAccess\PromoCodeFactory.DataAccess.csproj", "{D7E675A3-9872-47D6-B906-797B7B866534}"
EndProject
Project("{9A19103F-16F7-4668-BE54-9A1E7A4F7556}") = "PromoCodeFactory.Domain", "PromoCodeFactory.Domain\PromoCodeFactory.Domain.csproj", "{FA64A24E-D404-4E7D-89A8-B87E134F697F}"
EndProject
Project("{FAE04EC0-301F-11D3-BF4B-00C04F79EFBC}") = "PromoCodeFactory.Contracts", "PromoCodeFactory.Contracts\PromoCodeFactory.Contracts.csproj", "{BAD4BDB2-EDD2-4DB7-A5D4-61C1C9781E76}"
EndProject
Project("{FAE04EC0-301F-11D3-BF4B-00C04F79EFBC}") = "PromoCodeFactory.Common", "PromoCodeFactory.Common\PromoCodeFactory.Common.csproj", "{452F8241-FD44-4B49-B66D-6DFD74D6EA31}"
EndProject
Project("{FAE04EC0-301F-11D3-BF4B-00C04F79EFBC}") = "PromoCodeFactory.Commands", "PromoCodeFactory.Commands\PromoCodeFactory.Commands.csproj", "{9DCE3AB1-6DA4-434F-B8AE-52179867BDFE}"
EndProject
Project("{2150E333-8FDC-42A3-9474-1A3956D46DE8}") = "App", "App", "{8F33CCEC-586C-499C-86CC-68D6F5B43450}"
EndProject
Project("{2150E333-8FDC-42A3-9474-1A3956D46DE8}") = "Main", "Main", "{160F9498-1F0C-4905-8F81-9B9B86B86BF8}"
EndProject
Global
	GlobalSection(SolutionConfigurationPlatforms) = preSolution
		Debug|Any CPU = Debug|Any CPU
		Release|Any CPU = Release|Any CPU
	EndGlobalSection
	GlobalSection(ProjectConfigurationPlatforms) = postSolution
		{C086AC72-ADC7-432C-99D8-A8D60A0B44CA}.Debug|Any CPU.ActiveCfg = Debug|Any CPU
		{C086AC72-ADC7-432C-99D8-A8D60A0B44CA}.Debug|Any CPU.Build.0 = Debug|Any CPU
		{C086AC72-ADC7-432C-99D8-A8D60A0B44CA}.Release|Any CPU.ActiveCfg = Release|Any CPU
		{C086AC72-ADC7-432C-99D8-A8D60A0B44CA}.Release|Any CPU.Build.0 = Release|Any CPU
		{D7E675A3-9872-47D6-B906-797B7B866534}.Debug|Any CPU.ActiveCfg = Debug|Any CPU
		{D7E675A3-9872-47D6-B906-797B7B866534}.Debug|Any CPU.Build.0 = Debug|Any CPU
		{D7E675A3-9872-47D6-B906-797B7B866534}.Release|Any CPU.ActiveCfg = Release|Any CPU
		{D7E675A3-9872-47D6-B906-797B7B866534}.Release|Any CPU.Build.0 = Release|Any CPU
		{FA64A24E-D404-4E7D-89A8-B87E134F697F}.Debug|Any CPU.ActiveCfg = Debug|Any CPU
		{FA64A24E-D404-4E7D-89A8-B87E134F697F}.Debug|Any CPU.Build.0 = Debug|Any CPU
		{FA64A24E-D404-4E7D-89A8-B87E134F697F}.Release|Any CPU.ActiveCfg = Release|Any CPU
		{FA64A24E-D404-4E7D-89A8-B87E134F697F}.Release|Any CPU.Build.0 = Release|Any CPU
		{BAD4BDB2-EDD2-4DB7-A5D4-61C1C9781E76}.Debug|Any CPU.ActiveCfg = Debug|Any CPU
		{BAD4BDB2-EDD2-4DB7-A5D4-61C1C9781E76}.Debug|Any CPU.Build.0 = Debug|Any CPU
		{BAD4BDB2-EDD2-4DB7-A5D4-61C1C9781E76}.Release|Any CPU.ActiveCfg = Release|Any CPU
		{BAD4BDB2-EDD2-4DB7-A5D4-61C1C9781E76}.Release|Any CPU.Build.0 = Release|Any CPU
		{452F8241-FD44-4B49-B66D-6DFD74D6EA31}.Debug|Any CPU.ActiveCfg = Debug|Any CPU
		{452F8241-FD44-4B49-B66D-6DFD74D6EA31}.Debug|Any CPU.Build.0 = Debug|Any CPU
		{452F8241-FD44-4B49-B66D-6DFD74D6EA31}.Release|Any CPU.ActiveCfg = Release|Any CPU
		{452F8241-FD44-4B49-B66D-6DFD74D6EA31}.Release|Any CPU.Build.0 = Release|Any CPU
		{9DCE3AB1-6DA4-434F-B8AE-52179867BDFE}.Debug|Any CPU.ActiveCfg = Debug|Any CPU
		{9DCE3AB1-6DA4-434F-B8AE-52179867BDFE}.Debug|Any CPU.Build.0 = Debug|Any CPU
		{9DCE3AB1-6DA4-434F-B8AE-52179867BDFE}.Release|Any CPU.ActiveCfg = Release|Any CPU
		{9DCE3AB1-6DA4-434F-B8AE-52179867BDFE}.Release|Any CPU.Build.0 = Release|Any CPU
	EndGlobalSection
	GlobalSection(SolutionProperties) = preSolution
		HideSolutionNode = FALSE
	EndGlobalSection
	GlobalSection(ExtensibilityGlobals) = postSolution
		SolutionGuid = {3943BE26-15B6-459E-A839-1651BD7C978B}
	EndGlobalSection
	GlobalSection(NestedProjects) = preSolution
		{C086AC72-ADC7-432C-99D8-A8D60A0B44CA} = {8F33CCEC-586C-499C-86CC-68D6F5B43450}
		{FA64A24E-D404-4E7D-89A8-B87E134F697F} = {160F9498-1F0C-4905-8F81-9B9B86B86BF8}
		{D7E675A3-9872-47D6-B906-797B7B866534} = {160F9498-1F0C-4905-8F81-9B9B86B86BF8}
		{BAD4BDB2-EDD2-4DB7-A5D4-61C1C9781E76} = {160F9498-1F0C-4905-8F81-9B9B86B86BF8}
		{452F8241-FD44-4B49-B66D-6DFD74D6EA31} = {160F9498-1F0C-4905-8F81-9B9B86B86BF8}
		{9DCE3AB1-6DA4-434F-B8AE-52179867BDFE} = {160F9498-1F0C-4905-8F81-9B9B86B86BF8}
	EndGlobalSection
EndGlobal
