Microsoft Visual Studio Solution File, Format Version 12.00
# Visual Studio Version 17
VisualStudioVersion = 17.5.2.0
MinimumVisualStudioVersion = 10.0.40219.1
Project("{FAE04EC0-301F-11D3-BF4B-00C04F79EFBC}") = "web-service-demo", "web-service-demo.csproj", "{2A254BA8-F27E-7C71-78A4-56627EF64960}"
EndProject
Global
	GlobalSection(SolutionConfigurationPlatforms) = preSolution
		Debug|Any CPU = Debug|Any CPU
		Release|Any CPU = Release|Any CPU
	EndGlobalSection
	GlobalSection(ProjectConfigurationPlatforms) = postSolution
		{2A254BA8-F27E-7C71-78A4-56627EF64960}.Debug|Any CPU.ActiveCfg = Debug|Any CPU
		{2A254BA8-F27E-7C71-78A4-56627EF64960}.Debug|Any CPU.Build.0 = Debug|Any CPU
		{2A254BA8-F27E-7C71-78A4-56627EF64960}.Release|Any CPU.ActiveCfg = Release|Any CPU
		{2A254BA8-F27E-7C71-78A4-56627EF64960}.Release|Any CPU.Build.0 = Release|Any CPU
	EndGlobalSection
	GlobalSection(SolutionProperties) = preSolution
		HideSolutionNode = FALSE
	EndGlobalSection
	GlobalSection(ExtensibilityGlobals) = postSolution
		SolutionGuid = {5692A487-DF00-4FDE-B27F-80236C073BB1}
	EndGlobalSection
EndGlobal
