
Microsoft Visual Studio Solution File, Format Version 12.00
# Visual Studio Version 17
VisualStudioVersion = 17.5.002.0
MinimumVisualStudioVersion = 10.0.40219.1
Project("{9A19103F-16F7-4668-BE54-9A1E7A4F7556}") = "PromoCodeFactory.WebHost", "PromoCodeFactory.WebHost.csproj", "{539B32B1-0BD7-4143-A3CB-509839A9D3D0}"
EndProject
Global
	GlobalSection(SolutionConfigurationPlatforms) = preSolution
		Debug|Any CPU = Debug|Any CPU
		Release|Any CPU = Release|Any CPU
	EndGlobalSection
	GlobalSection(ProjectConfigurationPlatforms) = postSolution
		{539B32B1-0BD7-4143-A3CB-509839A9D3D0}.Debug|Any CPU.ActiveCfg = Debug|Any CPU
		{539B32B1-0BD7-4143-A3CB-509839A9D3D0}.Debug|Any CPU.Build.0 = Debug|Any CPU
		{539B32B1-0BD7-4143-A3CB-509839A9D3D0}.Release|Any CPU.ActiveCfg = Release|Any CPU
		{539B32B1-0BD7-4143-A3CB-509839A9D3D0}.Release|Any CPU.Build.0 = Release|Any CPU
	EndGlobalSection
	GlobalSection(SolutionProperties) = preSolution
		HideSolutionNode = FALSE
	EndGlobalSection
	GlobalSection(ExtensibilityGlobals) = postSolution
		SolutionGuid = {1FB5E22B-4FDC-4344-83D3-C54A530088AB}
	EndGlobalSection
EndGlobal
