Microsoft Visual Studio Solution File, Format Version 12.00
# Visual Studio Version 17
VisualStudioVersion = 17.5.2.0
MinimumVisualStudioVersion = 10.0.40219.1
Project("{FAE04EC0-301F-11D3-BF4B-00C04F79EFBC}") = "hosted-service-demo", "hosted-service-demo.csproj", "{FE52D200-3C81-9600-87B0-75407F18B53A}"
EndProject
Global
	GlobalSection(SolutionConfigurationPlatforms) = preSolution
		Debug|Any CPU = Debug|Any CPU
		Release|Any CPU = Release|Any CPU
	EndGlobalSection
	GlobalSection(ProjectConfigurationPlatforms) = postSolution
		{FE52D200-3C81-9600-87B0-75407F18B53A}.Debug|Any CPU.ActiveCfg = Debug|Any CPU
		{FE52D200-3C81-9600-87B0-75407F18B53A}.Debug|Any CPU.Build.0 = Debug|Any CPU
		{FE52D200-3C81-9600-87B0-75407F18B53A}.Release|Any CPU.ActiveCfg = Release|Any CPU
		{FE52D200-3C81-9600-87B0-75407F18B53A}.Release|Any CPU.Build.0 = Release|Any CPU
	EndGlobalSection
	GlobalSection(SolutionProperties) = preSolution
		HideSolutionNode = FALSE
	EndGlobalSection
	GlobalSection(ExtensibilityGlobals) = postSolution
		SolutionGuid = {8197902E-A676-4B15-B860-6ED5BC16B1EF}
	EndGlobalSection
EndGlobal
